// !$*UTF8*$!
{
	archiveVersion = 1;
	classes = {
	};
	objectVersion = 51;
	objects = {

/* Begin PBXBuildFile section */
		481AD7CC27048B3600EC9DEA /* FavoriteCollectionViewController.swift in Sources */ = {isa = PBXBuildFile; fileRef = 481AD7CB27048B3600EC9DEA /* FavoriteCollectionViewController.swift */; };
		481AD7CE2704A52200EC9DEA /* UserSettings.swift in Sources */ = {isa = PBXBuildFile; fileRef = 481AD7CD2704A52200EC9DEA /* UserSettings.swift */; };
		4844A10526F48DE5006A2C59 /* AppDelegate.swift in Sources */ = {isa = PBXBuildFile; fileRef = 4844A10426F48DE5006A2C59 /* AppDelegate.swift */; };
		4844A10726F48DE5006A2C59 /* SceneDelegate.swift in Sources */ = {isa = PBXBuildFile; fileRef = 4844A10626F48DE5006A2C59 /* SceneDelegate.swift */; };
		4844A10C26F48DE5006A2C59 /* Main.storyboard in Resources */ = {isa = PBXBuildFile; fileRef = 4844A10A26F48DE5006A2C59 /* Main.storyboard */; };
		4844A10E26F48DE7006A2C59 /* Assets.xcassets in Resources */ = {isa = PBXBuildFile; fileRef = 4844A10D26F48DE7006A2C59 /* Assets.xcassets */; };
		4844A11126F48DE7006A2C59 /* LaunchScreen.storyboard in Resources */ = {isa = PBXBuildFile; fileRef = 4844A10F26F48DE7006A2C59 /* LaunchScreen.storyboard */; };
		48486AC726FA0A85004C5CC1 /* LoadingIndicator.swift in Sources */ = {isa = PBXBuildFile; fileRef = 48486AC626FA0A85004C5CC1 /* LoadingIndicator.swift */; };
		48486ACB26FA0AA7004C5CC1 /* Connectivity.swift in Sources */ = {isa = PBXBuildFile; fileRef = 48486ACA26FA0AA7004C5CC1 /* Connectivity.swift */; };
		48486ACF26FA0B20004C5CC1 /* RandomImages.swift in Sources */ = {isa = PBXBuildFile; fileRef = 48486ACE26FA0B20004C5CC1 /* RandomImages.swift */; };
		48486AD326FA0B3F004C5CC1 /* NetworkManager.swift in Sources */ = {isa = PBXBuildFile; fileRef = 48486AD226FA0B3F004C5CC1 /* NetworkManager.swift */; };
		48486AD626FA0DF4004C5CC1 /* RandomCollectionViewController.swift in Sources */ = {isa = PBXBuildFile; fileRef = 48486AD526FA0DF4004C5CC1 /* RandomCollectionViewController.swift */; };
		48486ADA26FA0E26004C5CC1 /* RandomImageCell.swift in Sources */ = {isa = PBXBuildFile; fileRef = 48486AD926FA0E26004C5CC1 /* RandomImageCell.swift */; };
		48486ADF26FA0EF8004C5CC1 /* ShowAlert+ViewController.swift in Sources */ = {isa = PBXBuildFile; fileRef = 48486ADE26FA0EF8004C5CC1 /* ShowAlert+ViewController.swift */; };
		488F75EB2728023300952420 /* SavedImages.swift in Sources */ = {isa = PBXBuildFile; fileRef = 488F75EA2728023300952420 /* SavedImages.swift */; };
		488F75ED27282AC900952420 /* FavoriteImageCell.swift in Sources */ = {isa = PBXBuildFile; fileRef = 488F75EC27282AC900952420 /* FavoriteImageCell.swift */; };
		E16CE96491A231C5614DACF1 /* Pods_ImageApp.framework in Frameworks */ = {isa = PBXBuildFile; fileRef = F87C3D79F488263A4A3610D9 /* Pods_ImageApp.framework */; };
/* End PBXBuildFile section */

/* Begin PBXFileReference section */
		481AD7CB27048B3600EC9DEA /* FavoriteCollectionViewController.swift */ = {isa = PBXFileReference; lastKnownFileType = sourcecode.swift; path = FavoriteCollectionViewController.swift; sourceTree = "<group>"; };
		481AD7CD2704A52200EC9DEA /* UserSettings.swift */ = {isa = PBXFileReference; lastKnownFileType = sourcecode.swift; path = UserSettings.swift; sourceTree = "<group>"; };
		4844A10126F48DE5006A2C59 /* ImageApp.app */ = {isa = PBXFileReference; explicitFileType = wrapper.application; includeInIndex = 0; path = ImageApp.app; sourceTree = BUILT_PRODUCTS_DIR; };
		4844A10426F48DE5006A2C59 /* AppDelegate.swift */ = {isa = PBXFileReference; lastKnownFileType = sourcecode.swift; path = AppDelegate.swift; sourceTree = "<group>"; };
		4844A10626F48DE5006A2C59 /* SceneDelegate.swift */ = {isa = PBXFileReference; lastKnownFileType = sourcecode.swift; path = SceneDelegate.swift; sourceTree = "<group>"; };
		4844A10B26F48DE5006A2C59 /* Base */ = {isa = PBXFileReference; lastKnownFileType = file.storyboard; name = Base; path = Base.lproj/Main.storyboard; sourceTree = "<group>"; };
		4844A10D26F48DE7006A2C59 /* Assets.xcassets */ = {isa = PBXFileReference; lastKnownFileType = folder.assetcatalog; path = Assets.xcassets; sourceTree = "<group>"; };
		4844A11026F48DE7006A2C59 /* Base */ = {isa = PBXFileReference; lastKnownFileType = file.storyboard; name = Base; path = Base.lproj/LaunchScreen.storyboard; sourceTree = "<group>"; };
		4844A11226F48DE7006A2C59 /* Info.plist */ = {isa = PBXFileReference; lastKnownFileType = text.plist.xml; path = Info.plist; sourceTree = "<group>"; };
		48486AC626FA0A85004C5CC1 /* LoadingIndicator.swift */ = {isa = PBXFileReference; lastKnownFileType = sourcecode.swift; path = LoadingIndicator.swift; sourceTree = "<group>"; };
		48486ACA26FA0AA7004C5CC1 /* Connectivity.swift */ = {isa = PBXFileReference; lastKnownFileType = sourcecode.swift; path = Connectivity.swift; sourceTree = "<group>"; };
		48486ACE26FA0B20004C5CC1 /* RandomImages.swift */ = {isa = PBXFileReference; lastKnownFileType = sourcecode.swift; path = RandomImages.swift; sourceTree = "<group>"; };
		48486AD226FA0B3F004C5CC1 /* NetworkManager.swift */ = {isa = PBXFileReference; lastKnownFileType = sourcecode.swift; path = NetworkManager.swift; sourceTree = "<group>"; };
		48486AD526FA0DF4004C5CC1 /* RandomCollectionViewController.swift */ = {isa = PBXFileReference; lastKnownFileType = sourcecode.swift; path = RandomCollectionViewController.swift; sourceTree = "<group>"; };
		48486AD926FA0E26004C5CC1 /* RandomImageCell.swift */ = {isa = PBXFileReference; lastKnownFileType = sourcecode.swift; path = RandomImageCell.swift; sourceTree = "<group>"; };
		48486ADE26FA0EF8004C5CC1 /* ShowAlert+ViewController.swift */ = {isa = PBXFileReference; lastKnownFileType = sourcecode.swift; path = "ShowAlert+ViewController.swift"; sourceTree = "<group>"; };
		488F75EA2728023300952420 /* SavedImages.swift */ = {isa = PBXFileReference; lastKnownFileType = sourcecode.swift; path = SavedImages.swift; sourceTree = "<group>"; };
		488F75EC27282AC900952420 /* FavoriteImageCell.swift */ = {isa = PBXFileReference; lastKnownFileType = sourcecode.swift; path = FavoriteImageCell.swift; sourceTree = "<group>"; };
		A441D07011598A9633F02AF6 /* Pods-ImageApp.debug.xcconfig */ = {isa = PBXFileReference; includeInIndex = 1; lastKnownFileType = text.xcconfig; name = "Pods-ImageApp.debug.xcconfig"; path = "Target Support Files/Pods-ImageApp/Pods-ImageApp.debug.xcconfig"; sourceTree = "<group>"; };
		CD3B2BAB7B313831DC488DB4 /* Pods-ImageApp.release.xcconfig */ = {isa = PBXFileReference; includeInIndex = 1; lastKnownFileType = text.xcconfig; name = "Pods-ImageApp.release.xcconfig"; path = "Target Support Files/Pods-ImageApp/Pods-ImageApp.release.xcconfig"; sourceTree = "<group>"; };
		F87C3D79F488263A4A3610D9 /* Pods_ImageApp.framework */ = {isa = PBXFileReference; explicitFileType = wrapper.framework; includeInIndex = 0; path = Pods_ImageApp.framework; sourceTree = BUILT_PRODUCTS_DIR; };
/* End PBXFileReference section */

/* Begin PBXFrameworksBuildPhase section */
		4844A0FE26F48DE5006A2C59 /* Frameworks */ = {
			isa = PBXFrameworksBuildPhase;
			buildActionMask = 2147483647;
			files = (
				E16CE96491A231C5614DACF1 /* Pods_ImageApp.framework in Frameworks */,
			);
			runOnlyForDeploymentPostprocessing = 0;
		};
/* End PBXFrameworksBuildPhase section */

/* Begin PBXGroup section */
		4844A0F826F48DE5006A2C59 = {
			isa = PBXGroup;
			children = (
				4844A10326F48DE5006A2C59 /* ImageApp */,
				4844A10226F48DE5006A2C59 /* Products */,
				E3729EE6D0470800276CF9B3 /* Pods */,
				7CA6FE24A24B31BF4377A383 /* Frameworks */,
			);
			sourceTree = "<group>";
		};
		4844A10226F48DE5006A2C59 /* Products */ = {
			isa = PBXGroup;
			children = (
				4844A10126F48DE5006A2C59 /* ImageApp.app */,
			);
			name = Products;
			sourceTree = "<group>";
		};
		4844A10326F48DE5006A2C59 /* ImageApp */ = {
			isa = PBXGroup;
			children = (
				48486ACD26FA0B10004C5CC1 /* API */,
				48486AC426FA0A54004C5CC1 /* Helpers */,
				48486AD826FA0E0A004C5CC1 /* Cells */,
				48486ADD26FA0EDB004C5CC1 /* Extensions */,
				48486AC526FA0A5E004C5CC1 /* ViewControllers */,
				4844A10426F48DE5006A2C59 /* AppDelegate.swift */,
				4844A10626F48DE5006A2C59 /* SceneDelegate.swift */,
				4844A10A26F48DE5006A2C59 /* Main.storyboard */,
				4844A10D26F48DE7006A2C59 /* Assets.xcassets */,
				4844A10F26F48DE7006A2C59 /* LaunchScreen.storyboard */,
				4844A11226F48DE7006A2C59 /* Info.plist */,
			);
			path = ImageApp;
			sourceTree = "<group>";
		};
		48486AC426FA0A54004C5CC1 /* Helpers */ = {
			isa = PBXGroup;
			children = (
				48486AC626FA0A85004C5CC1 /* LoadingIndicator.swift */,
				488F75EA2728023300952420 /* SavedImages.swift */,
				48486ACA26FA0AA7004C5CC1 /* Connectivity.swift */,
				481AD7CD2704A52200EC9DEA /* UserSettings.swift */,
			);
			path = Helpers;
			sourceTree = "<group>";
		};
		48486AC526FA0A5E004C5CC1 /* ViewControllers */ = {
			isa = PBXGroup;
			children = (
				48486AD526FA0DF4004C5CC1 /* RandomCollectionViewController.swift */,
				481AD7CB27048B3600EC9DEA /* FavoriteCollectionViewController.swift */,
			);
			path = ViewControllers;
			sourceTree = "<group>";
		};
		48486ACD26FA0B10004C5CC1 /* API */ = {
			isa = PBXGroup;
			children = (
				48486ACE26FA0B20004C5CC1 /* RandomImages.swift */,
				48486AD226FA0B3F004C5CC1 /* NetworkManager.swift */,
			);
			path = API;
			sourceTree = "<group>";
		};
		48486AD826FA0E0A004C5CC1 /* Cells */ = {
			isa = PBXGroup;
			children = (
				48486AD926FA0E26004C5CC1 /* RandomImageCell.swift */,
				488F75EC27282AC900952420 /* FavoriteImageCell.swift */,
			);
			path = Cells;
			sourceTree = "<group>";
		};
		48486ADD26FA0EDB004C5CC1 /* Extensions */ = {
			isa = PBXGroup;
			children = (
				48486ADE26FA0EF8004C5CC1 /* ShowAlert+ViewController.swift */,
			);
			path = Extensions;
			sourceTree = "<group>";
		};
		7CA6FE24A24B31BF4377A383 /* Frameworks */ = {
			isa = PBXGroup;
			children = (
				F87C3D79F488263A4A3610D9 /* Pods_ImageApp.framework */,
			);
			name = Frameworks;
			sourceTree = "<group>";
		};
		E3729EE6D0470800276CF9B3 /* Pods */ = {
			isa = PBXGroup;
			children = (
				A441D07011598A9633F02AF6 /* Pods-ImageApp.debug.xcconfig */,
				CD3B2BAB7B313831DC488DB4 /* Pods-ImageApp.release.xcconfig */,
			);
			path = Pods;
			sourceTree = "<group>";
		};
/* End PBXGroup section */

/* Begin PBXNativeTarget section */
		4844A10026F48DE5006A2C59 /* ImageApp */ = {
			isa = PBXNativeTarget;
			buildConfigurationList = 4844A11526F48DE7006A2C59 /* Build configuration list for PBXNativeTarget "ImageApp" */;
			buildPhases = (
				3EBE100488AA1D9E7AA78F1B /* [CP] Check Pods Manifest.lock */,
				4844A0FD26F48DE5006A2C59 /* Sources */,
				4844A0FE26F48DE5006A2C59 /* Frameworks */,
				4844A0FF26F48DE5006A2C59 /* Resources */,
				836A3662450C8491197A9DAF /* [CP] Embed Pods Frameworks */,
			);
			buildRules = (
			);
			dependencies = (
			);
			name = ImageApp;
			productName = ImageApp;
			productReference = 4844A10126F48DE5006A2C59 /* ImageApp.app */;
			productType = "com.apple.product-type.application";
		};
/* End PBXNativeTarget section */

/* Begin PBXProject section */
		4844A0F926F48DE5006A2C59 /* Project object */ = {
			isa = PBXProject;
			attributes = {
				LastSwiftUpdateCheck = 1240;
				LastUpgradeCheck = 1240;
				TargetAttributes = {
					4844A10026F48DE5006A2C59 = {
						CreatedOnToolsVersion = 12.4;
					};
				};
			};
			buildConfigurationList = 4844A0FC26F48DE5006A2C59 /* Build configuration list for PBXProject "ImageApp" */;
			compatibilityVersion = "Xcode 9.3";
			developmentRegion = en;
			hasScannedForEncodings = 0;
			knownRegions = (
				en,
				Base,
			);
			mainGroup = 4844A0F826F48DE5006A2C59;
			productRefGroup = 4844A10226F48DE5006A2C59 /* Products */;
			projectDirPath = "";
			projectRoot = "";
			targets = (
				4844A10026F48DE5006A2C59 /* ImageApp */,
			);
		};
/* End PBXProject section */

/* Begin PBXResourcesBuildPhase section */
		4844A0FF26F48DE5006A2C59 /* Resources */ = {
			isa = PBXResourcesBuildPhase;
			buildActionMask = 2147483647;
			files = (
				4844A11126F48DE7006A2C59 /* LaunchScreen.storyboard in Resources */,
				4844A10E26F48DE7006A2C59 /* Assets.xcassets in Resources */,
				4844A10C26F48DE5006A2C59 /* Main.storyboard in Resources */,
			);
			runOnlyForDeploymentPostprocessing = 0;
		};
/* End PBXResourcesBuildPhase section */

/* Begin PBXShellScriptBuildPhase section */
		3EBE100488AA1D9E7AA78F1B /* [CP] Check Pods Manifest.lock */ = {
			isa = PBXShellScriptBuildPhase;
			buildActionMask = 2147483647;
			files = (
			);
			inputFileListPaths = (
			);
			inputPaths = (
				"${PODS_PODFILE_DIR_PATH}/Podfile.lock",
				"${PODS_ROOT}/Manifest.lock",
			);
			name = "[CP] Check Pods Manifest.lock";
			outputFileListPaths = (
			);
			outputPaths = (
				"$(DERIVED_FILE_DIR)/Pods-ImageApp-checkManifestLockResult.txt",
			);
			runOnlyForDeploymentPostprocessing = 0;
			shellPath = /bin/sh;
			shellScript = "diff \"${PODS_PODFILE_DIR_PATH}/Podfile.lock\" \"${PODS_ROOT}/Manifest.lock\" > /dev/null\nif [ $? != 0 ] ; then\n    # print error to STDERR\n    echo \"error: The sandbox is not in sync with the Podfile.lock. Run 'pod install' or update your CocoaPods installation.\" >&2\n    exit 1\nfi\n# This output is used by Xcode 'outputs' to avoid re-running this script phase.\necho \"SUCCESS\" > \"${SCRIPT_OUTPUT_FILE_0}\"\n";
			showEnvVarsInLog = 0;
		};
		836A3662450C8491197A9DAF /* [CP] Embed Pods Frameworks */ = {
			isa = PBXShellScriptBuildPhase;
			buildActionMask = 2147483647;
			files = (
			);
			inputFileListPaths = (
				"${PODS_ROOT}/Target Support Files/Pods-ImageApp/Pods-ImageApp-frameworks-${CONFIGURATION}-input-files.xcfilelist",
			);
			name = "[CP] Embed Pods Frameworks";
			outputFileListPaths = (
				"${PODS_ROOT}/Target Support Files/Pods-ImageApp/Pods-ImageApp-frameworks-${CONFIGURATION}-output-files.xcfilelist",
			);
			runOnlyForDeploymentPostprocessing = 0;
			shellPath = /bin/sh;
			shellScript = "\"${PODS_ROOT}/Target Support Files/Pods-ImageApp/Pods-ImageApp-frameworks.sh\"\n";
			showEnvVarsInLog = 0;
		};
/* End PBXShellScriptBuildPhase section */

/* Begin PBXSourcesBuildPhase section */
		4844A0FD26F48DE5006A2C59 /* Sources */ = {
			isa = PBXSourcesBuildPhase;
			buildActionMask = 2147483647;
			files = (
				48486AC726FA0A85004C5CC1 /* LoadingIndicator.swift in Sources */,
				488F75ED27282AC900952420 /* FavoriteImageCell.swift in Sources */,
				48486ACB26FA0AA7004C5CC1 /* Connectivity.swift in Sources */,
				48486AD626FA0DF4004C5CC1 /* RandomCollectionViewController.swift in Sources */,
				48486AD326FA0B3F004C5CC1 /* NetworkManager.swift in Sources */,
				481AD7CC27048B3600EC9DEA /* FavoriteCollectionViewController.swift in Sources */,
				4844A10526F48DE5006A2C59 /* AppDelegate.swift in Sources */,
				48486ADF26FA0EF8004C5CC1 /* ShowAlert+ViewController.swift in Sources */,
				48486ACF26FA0B20004C5CC1 /* RandomImages.swift in Sources */,
				48486ADA26FA0E26004C5CC1 /* RandomImageCell.swift in Sources */,
				488F75EB2728023300952420 /* SavedImages.swift in Sources */,
				4844A10726F48DE5006A2C59 /* SceneDelegate.swift in Sources */,
				481AD7CE2704A52200EC9DEA /* UserSettings.swift in Sources */,
			);
			runOnlyForDeploymentPostprocessing = 0;
		};
/* End PBXSourcesBuildPhase section */

/* Begin PBXVariantGroup section */
		4844A10A26F48DE5006A2C59 /* Main.storyboard */ = {
			isa = PBXVariantGroup;
			children = (
				4844A10B26F48DE5006A2C59 /* Base */,
			);
			name = Main.storyboard;
			sourceTree = "<group>";
		};
		4844A10F26F48DE7006A2C59 /* LaunchScreen.storyboard */ = {
			isa = PBXVariantGroup;
			children = (
				4844A11026F48DE7006A2C59 /* Base */,
			);
			name = LaunchScreen.storyboard;
			sourceTree = "<group>";
		};
/* End PBXVariantGroup section */

/* Begin XCBuildConfiguration section */
		4844A11326F48DE7006A2C59 /* Debug */ = {
			isa = XCBuildConfiguration;
			buildSettings = {
				ALWAYS_SEARCH_USER_PATHS = NO;
				CLANG_ANALYZER_NONNULL = YES;
				CLANG_ANALYZER_NUMBER_OBJECT_CONVERSION = YES_AGGRESSIVE;
				CLANG_CXX_LANGUAGE_STANDARD = "gnu++14";
				CLANG_CXX_LIBRARY = "libc++";
				CLANG_ENABLE_MODULES = YES;
				CLANG_ENABLE_OBJC_ARC = YES;
				CLANG_ENABLE_OBJC_WEAK = YES;
				CLANG_WARN_BLOCK_CAPTURE_AUTORELEASING = YES;
				CLANG_WARN_BOOL_CONVERSION = YES;
				CLANG_WARN_COMMA = YES;
				CLANG_WARN_CONSTANT_CONVERSION = YES;
				CLANG_WARN_DEPRECATED_OBJC_IMPLEMENTATIONS = YES;
				CLANG_WARN_DIRECT_OBJC_ISA_USAGE = YES_ERROR;
				CLANG_WARN_DOCUMENTATION_COMMENTS = YES;
				CLANG_WARN_EMPTY_BODY = YES;
				CLANG_WARN_ENUM_CONVERSION = YES;
				CLANG_WARN_INFINITE_RECURSION = YES;
				CLANG_WARN_INT_CONVERSION = YES;
				CLANG_WARN_NON_LITERAL_NULL_CONVERSION = YES;
				CLANG_WARN_OBJC_IMPLICIT_RETAIN_SELF = YES;
				CLANG_WARN_OBJC_LITERAL_CONVERSION = YES;
				CLANG_WARN_OBJC_ROOT_CLASS = YES_ERROR;
				CLANG_WARN_QUOTED_INCLUDE_IN_FRAMEWORK_HEADER = YES;
				CLANG_WARN_RANGE_LOOP_ANALYSIS = YES;
				CLANG_WARN_STRICT_PROTOTYPES = YES;
				CLANG_WARN_SUSPICIOUS_MOVE = YES;
				CLANG_WARN_UNGUARDED_AVAILABILITY = YES_AGGRESSIVE;
				CLANG_WARN_UNREACHABLE_CODE = YES;
				CLANG_WARN__DUPLICATE_METHOD_MATCH = YES;
				COPY_PHASE_STRIP = NO;
				DEBUG_INFORMATION_FORMAT = dwarf;
				ENABLE_STRICT_OBJC_MSGSEND = YES;
				ENABLE_TESTABILITY = YES;
				GCC_C_LANGUAGE_STANDARD = gnu11;
				GCC_DYNAMIC_NO_PIC = NO;
				GCC_NO_COMMON_BLOCKS = YES;
				GCC_OPTIMIZATION_LEVEL = 0;
				GCC_PREPROCESSOR_DEFINITIONS = (
					"DEBUG=1",
					"$(inherited)",
				);
				GCC_WARN_64_TO_32_BIT_CONVERSION = YES;
				GCC_WARN_ABOUT_RETURN_TYPE = YES_ERROR;
				GCC_WARN_UNDECLARED_SELECTOR = YES;
				GCC_WARN_UNINITIALIZED_AUTOS = YES_AGGRESSIVE;
				GCC_WARN_UNUSED_FUNCTION = YES;
				GCC_WARN_UNUSED_VARIABLE = YES;
				IPHONEOS_DEPLOYMENT_TARGET = 14.4;
				MTL_ENABLE_DEBUG_INFO = INCLUDE_SOURCE;
				MTL_FAST_MATH = YES;
				ONLY_ACTIVE_ARCH = YES;
				SDKROOT = iphoneos;
				SWIFT_ACTIVE_COMPILATION_CONDITIONS = DEBUG;
				SWIFT_OPTIMIZATION_LEVEL = "-Onone";
			};
			name = Debug;
		};
		4844A11426F48DE7006A2C59 /* Release */ = {
			isa = XCBuildConfiguration;
			buildSettings = {
				ALWAYS_SEARCH_USER_PATHS = NO;
				CLANG_ANALYZER_NONNULL = YES;
				CLANG_ANALYZER_NUMBER_OBJECT_CONVERSION = YES_AGGRESSIVE;
				CLANG_CXX_LANGUAGE_STANDARD = "gnu++14";
				CLANG_CXX_LIBRARY = "libc++";
				CLANG_ENABLE_MODULES = YES;
				CLANG_ENABLE_OBJC_ARC = YES;
				CLANG_ENABLE_OBJC_WEAK = YES;
				CLANG_WARN_BLOCK_CAPTURE_AUTORELEASING = YES;
				CLANG_WARN_BOOL_CONVERSION = YES;
				CLANG_WARN_COMMA = YES;
				CLANG_WARN_CONSTANT_CONVERSION = YES;
				CLANG_WARN_DEPRECATED_OBJC_IMPLEMENTATIONS = YES;
				CLANG_WARN_DIRECT_OBJC_ISA_USAGE = YES_ERROR;
				CLANG_WARN_DOCUMENTATION_COMMENTS = YES;
				CLANG_WARN_EMPTY_BODY = YES;
				CLANG_WARN_ENUM_CONVERSION = YES;
				CLANG_WARN_INFINITE_RECURSION = YES;
				CLANG_WARN_INT_CONVERSION = YES;
				CLANG_WARN_NON_LITERAL_NULL_CONVERSION = YES;
				CLANG_WARN_OBJC_IMPLICIT_RETAIN_SELF = YES;
				CLANG_WARN_OBJC_LITERAL_CONVERSION = YES;
				CLANG_WARN_OBJC_ROOT_CLASS = YES_ERROR;
				CLANG_WARN_QUOTED_INCLUDE_IN_FRAMEWORK_HEADER = YES;
				CLANG_WARN_RANGE_LOOP_ANALYSIS = YES;
				CLANG_WARN_STRICT_PROTOTYPES = YES;
				CLANG_WARN_SUSPICIOUS_MOVE = YES;
				CLANG_WARN_UNGUARDED_AVAILABILITY = YES_AGGRESSIVE;
				CLANG_WARN_UNREACHABLE_CODE = YES;
				CLANG_WARN__DUPLICATE_METHOD_MATCH = YES;
				COPY_PHASE_STRIP = NO;
				DEBUG_INFORMATION_FORMAT = "dwarf-with-dsym";
				ENABLE_NS_ASSERTIONS = NO;
				ENABLE_STRICT_OBJC_MSGSEND = YES;
				GCC_C_LANGUAGE_STANDARD = gnu11;
				GCC_NO_COMMON_BLOCKS = YES;
				GCC_WARN_64_TO_32_BIT_CONVERSION = YES;
				GCC_WARN_ABOUT_RETURN_TYPE = YES_ERROR;
				GCC_WARN_UNDECLARED_SELECTOR = YES;
				GCC_WARN_UNINITIALIZED_AUTOS = YES_AGGRESSIVE;
				GCC_WARN_UNUSED_FUNCTION = YES;
				GCC_WARN_UNUSED_VARIABLE = YES;
				IPHONEOS_DEPLOYMENT_TARGET = 14.4;
				MTL_ENABLE_DEBUG_INFO = NO;
				MTL_FAST_MATH = YES;
				SDKROOT = iphoneos;
				SWIFT_COMPILATION_MODE = wholemodule;
				SWIFT_OPTIMIZATION_LEVEL = "-O";
				VALIDATE_PRODUCT = YES;
			};
			name = Release;
		};
		4844A11626F48DE7006A2C59 /* Debug */ = {
			isa = XCBuildConfiguration;
			baseConfigurationReference = A441D07011598A9633F02AF6 /* Pods-ImageApp.debug.xcconfig */;
			buildSettings = {
				ASSETCATALOG_COMPILER_APPICON_NAME = AppIcon;
				ASSETCATALOG_COMPILER_GLOBAL_ACCENT_COLOR_NAME = AccentColor;
				CODE_SIGN_STYLE = Automatic;
				DEVELOPMENT_TEAM = 683FFW2T3C;
				INFOPLIST_FILE = ImageApp/Info.plist;
				LD_RUNPATH_SEARCH_PATHS = (
					"$(inherited)",
					"@executable_path/Frameworks",
				);
				PRODUCT_BUNDLE_IDENTIFIER = "developer-team.ImageApp";
				PRODUCT_NAME = "$(TARGET_NAME)";
				SWIFT_VERSION = 5.0;
				TARGETED_DEVICE_FAMILY = "1,2";
			};
			name = Debug;
		};
		4844A11726F48DE7006A2C59 /* Release */ = {
			isa = XCBuildConfiguration;
			baseConfigurationReference = CD3B2BAB7B313831DC488DB4 /* Pods-ImageApp.release.xcconfig */;
			buildSettings = {
				ASSETCATALOG_COMPILER_APPICON_NAME = AppIcon;
				ASSETCATALOG_COMPILER_GLOBAL_ACCENT_COLOR_NAME = AccentColor;
				CODE_SIGN_STYLE = Automatic;
				DEVELOPMENT_TEAM = 683FFW2T3C;
				INFOPLIST_FILE = ImageApp/Info.plist;
				LD_RUNPATH_SEARCH_PATHS = (
					"$(inherited)",
					"@executable_path/Frameworks",
				);
				PRODUCT_BUNDLE_IDENTIFIER = "developer-team.ImageApp";
				PRODUCT_NAME = "$(TARGET_NAME)";
				SWIFT_VERSION = 5.0;
				TARGETED_DEVICE_FAMILY = "1,2";
			};
			name = Release;
		};
/* End XCBuildConfiguration section */

/* Begin XCConfigurationList section */
		4844A0FC26F48DE5006A2C59 /* Build configuration list for PBXProject "ImageApp" */ = {
			isa = XCConfigurationList;
			buildConfigurations = (
				4844A11326F48DE7006A2C59 /* Debug */,
				4844A11426F48DE7006A2C59 /* Release */,
			);
			defaultConfigurationIsVisible = 0;
			defaultConfigurationName = Release;
		};
		4844A11526F48DE7006A2C59 /* Build configuration list for PBXNativeTarget "ImageApp" */ = {
			isa = XCConfigurationList;
			buildConfigurations = (
				4844A11626F48DE7006A2C59 /* Debug */,
				4844A11726F48DE7006A2C59 /* Release */,
			);
			defaultConfigurationIsVisible = 0;
			defaultConfigurationName = Release;
		};
/* End XCConfigurationList section */
	};
	rootObject = 4844A0F926F48DE5006A2C59 /* Project object */;
}
