// !$*UTF8*$!
{
	archiveVersion = 1;
	classes = {
	};
	objectVersion = 55;
	objects = {

/* Begin PBXBuildFile section */
		4826F8C327667AC000F1A7FF /* FilteredTaskController.swift in Sources */ = {isa = PBXBuildFile; fileRef = 4826F8C227667AC000F1A7FF /* FilteredTaskController.swift */; };
		483F1696275615EB003843F5 /* CredentialsError.swift in Sources */ = {isa = PBXBuildFile; fileRef = 483F1695275615EB003843F5 /* CredentialsError.swift */; };
		48406AFB274D44080045AC51 /* CredentialsController.swift in Sources */ = {isa = PBXBuildFile; fileRef = 48406AFA274D44080045AC51 /* CredentialsController.swift */; };
		484237DF2731BA7C00D9004B /* Keyboard+ViewController.swift in Sources */ = {isa = PBXBuildFile; fileRef = 484237DE2731BA7C00D9004B /* Keyboard+ViewController.swift */; };
		4842F356272574AD00083AD2 /* TaskListViewController.swift in Sources */ = {isa = PBXBuildFile; fileRef = 4842F355272574AD00083AD2 /* TaskListViewController.swift */; };
		4842F3582725967300083AD2 /* TaskViewController.swift in Sources */ = {isa = PBXBuildFile; fileRef = 4842F3572725967300083AD2 /* TaskViewController.swift */; };
		48431438272DA19900E08700 /* Credentials.swift in Sources */ = {isa = PBXBuildFile; fileRef = 48431437272DA19900E08700 /* Credentials.swift */; };
		4843143A272DABBD00E08700 /* Task.swift in Sources */ = {isa = PBXBuildFile; fileRef = 48431439272DABBD00E08700 /* Task.swift */; };
		4844529D275B6D23000AEB82 /* AddTaskController.swift in Sources */ = {isa = PBXBuildFile; fileRef = 4844529C275B6D23000AEB82 /* AddTaskController.swift */; };
		48449283273A85F10039377C /* TaskTableViewCell.swift in Sources */ = {isa = PBXBuildFile; fileRef = 48449281273A85F10039377C /* TaskTableViewCell.swift */; };
		48449284273A85F10039377C /* TaskTableViewCell.xib in Resources */ = {isa = PBXBuildFile; fileRef = 48449282273A85F10039377C /* TaskTableViewCell.xib */; };
		4844F5242733D6D50086F2A3 /* TaskController.swift in Sources */ = {isa = PBXBuildFile; fileRef = 4844F5232733D6D50086F2A3 /* TaskController.swift */; };
		485AF513276143FE00343ADB /* CornerRadius+UIView.swift in Sources */ = {isa = PBXBuildFile; fileRef = 485AF512276143FE00343ADB /* CornerRadius+UIView.swift */; };
		485CCFBD2774FFFC0051E587 /* SortedViewController.swift in Sources */ = {isa = PBXBuildFile; fileRef = 485CCFBC2774FFFC0051E587 /* SortedViewController.swift */; };
		485CCFC0277505690051E587 /* RadioButtonController.swift in Sources */ = {isa = PBXBuildFile; fileRef = 485CCFBF277505690051E587 /* RadioButtonController.swift */; };
		486CB009271EF71D008BFC48 /* BaseViewController.swift in Sources */ = {isa = PBXBuildFile; fileRef = 486CB008271EF71D008BFC48 /* BaseViewController.swift */; };
		486CB00B271EF8C2008BFC48 /* RegistrationViewController.swift in Sources */ = {isa = PBXBuildFile; fileRef = 486CB00A271EF8C2008BFC48 /* RegistrationViewController.swift */; };
		487920AB275E306D0032B3DC /* TaskFillError.swift in Sources */ = {isa = PBXBuildFile; fileRef = 487920AA275E306D0032B3DC /* TaskFillError.swift */; };
		48ACC51F2713748900197D2A /* AppDelegate.swift in Sources */ = {isa = PBXBuildFile; fileRef = 48ACC51E2713748900197D2A /* AppDelegate.swift */; };
		48ACC5212713748900197D2A /* SceneDelegate.swift in Sources */ = {isa = PBXBuildFile; fileRef = 48ACC5202713748900197D2A /* SceneDelegate.swift */; };
		48ACC5232713748900197D2A /* LoginViewController.swift in Sources */ = {isa = PBXBuildFile; fileRef = 48ACC5222713748900197D2A /* LoginViewController.swift */; };
		48ACC5262713748900197D2A /* Main.storyboard in Resources */ = {isa = PBXBuildFile; fileRef = 48ACC5242713748900197D2A /* Main.storyboard */; };
		48ACC5282713748B00197D2A /* Assets.xcassets in Resources */ = {isa = PBXBuildFile; fileRef = 48ACC5272713748B00197D2A /* Assets.xcassets */; };
		48ACC52B2713748B00197D2A /* LaunchScreen.storyboard in Resources */ = {isa = PBXBuildFile; fileRef = 48ACC5292713748B00197D2A /* LaunchScreen.storyboard */; };
/* End PBXBuildFile section */

/* Begin PBXFileReference section */
		4826F8C227667AC000F1A7FF /* FilteredTaskController.swift */ = {isa = PBXFileReference; lastKnownFileType = sourcecode.swift; path = FilteredTaskController.swift; sourceTree = "<group>"; };
		483F1695275615EB003843F5 /* CredentialsError.swift */ = {isa = PBXFileReference; lastKnownFileType = sourcecode.swift; path = CredentialsError.swift; sourceTree = "<group>"; };
		48406AFA274D44080045AC51 /* CredentialsController.swift */ = {isa = PBXFileReference; lastKnownFileType = sourcecode.swift; path = CredentialsController.swift; sourceTree = "<group>"; };
		484237DE2731BA7C00D9004B /* Keyboard+ViewController.swift */ = {isa = PBXFileReference; lastKnownFileType = sourcecode.swift; path = "Keyboard+ViewController.swift"; sourceTree = "<group>"; };
		4842F355272574AD00083AD2 /* TaskListViewController.swift */ = {isa = PBXFileReference; lastKnownFileType = sourcecode.swift; path = TaskListViewController.swift; sourceTree = "<group>"; };
		4842F3572725967300083AD2 /* TaskViewController.swift */ = {isa = PBXFileReference; lastKnownFileType = sourcecode.swift; path = TaskViewController.swift; sourceTree = "<group>"; };
		48431437272DA19900E08700 /* Credentials.swift */ = {isa = PBXFileReference; lastKnownFileType = sourcecode.swift; path = Credentials.swift; sourceTree = "<group>"; };
		48431439272DABBD00E08700 /* Task.swift */ = {isa = PBXFileReference; lastKnownFileType = sourcecode.swift; path = Task.swift; sourceTree = "<group>"; };
		4844529C275B6D23000AEB82 /* AddTaskController.swift */ = {isa = PBXFileReference; lastKnownFileType = sourcecode.swift; path = AddTaskController.swift; sourceTree = "<group>"; };
		48449281273A85F10039377C /* TaskTableViewCell.swift */ = {isa = PBXFileReference; lastKnownFileType = sourcecode.swift; path = TaskTableViewCell.swift; sourceTree = "<group>"; };
		48449282273A85F10039377C /* TaskTableViewCell.xib */ = {isa = PBXFileReference; lastKnownFileType = file.xib; path = TaskTableViewCell.xib; sourceTree = "<group>"; };
		4844F5232733D6D50086F2A3 /* TaskController.swift */ = {isa = PBXFileReference; lastKnownFileType = sourcecode.swift; path = TaskController.swift; sourceTree = "<group>"; };
		485AF512276143FE00343ADB /* CornerRadius+UIView.swift */ = {isa = PBXFileReference; lastKnownFileType = sourcecode.swift; path = "CornerRadius+UIView.swift"; sourceTree = "<group>"; };
		485CCFBC2774FFFC0051E587 /* SortedViewController.swift */ = {isa = PBXFileReference; lastKnownFileType = sourcecode.swift; path = SortedViewController.swift; sourceTree = "<group>"; };
		485CCFBF277505690051E587 /* RadioButtonController.swift */ = {isa = PBXFileReference; lastKnownFileType = sourcecode.swift; path = RadioButtonController.swift; sourceTree = "<group>"; };
		486CB008271EF71D008BFC48 /* BaseViewController.swift */ = {isa = PBXFileReference; lastKnownFileType = sourcecode.swift; path = BaseViewController.swift; sourceTree = "<group>"; };
		486CB00A271EF8C2008BFC48 /* RegistrationViewController.swift */ = {isa = PBXFileReference; lastKnownFileType = sourcecode.swift; path = RegistrationViewController.swift; sourceTree = "<group>"; };
		487920AA275E306D0032B3DC /* TaskFillError.swift */ = {isa = PBXFileReference; lastKnownFileType = sourcecode.swift; path = TaskFillError.swift; sourceTree = "<group>"; };
		48ACC51B2713748900197D2A /* ToDo List.app */ = {isa = PBXFileReference; explicitFileType = wrapper.application; includeInIndex = 0; path = "ToDo List.app"; sourceTree = BUILT_PRODUCTS_DIR; };
		48ACC51E2713748900197D2A /* AppDelegate.swift */ = {isa = PBXFileReference; lastKnownFileType = sourcecode.swift; path = AppDelegate.swift; sourceTree = "<group>"; };
		48ACC5202713748900197D2A /* SceneDelegate.swift */ = {isa = PBXFileReference; lastKnownFileType = sourcecode.swift; path = SceneDelegate.swift; sourceTree = "<group>"; };
		48ACC5222713748900197D2A /* LoginViewController.swift */ = {isa = PBXFileReference; lastKnownFileType = sourcecode.swift; path = LoginViewController.swift; sourceTree = "<group>"; };
		48ACC5252713748900197D2A /* Base */ = {isa = PBXFileReference; lastKnownFileType = file.storyboard; name = Base; path = Base.lproj/Main.storyboard; sourceTree = "<group>"; };
		48ACC5272713748B00197D2A /* Assets.xcassets */ = {isa = PBXFileReference; lastKnownFileType = folder.assetcatalog; path = Assets.xcassets; sourceTree = "<group>"; };
		48ACC52A2713748B00197D2A /* Base */ = {isa = PBXFileReference; lastKnownFileType = file.storyboard; name = Base; path = Base.lproj/LaunchScreen.storyboard; sourceTree = "<group>"; };
		48ACC52C2713748B00197D2A /* Info.plist */ = {isa = PBXFileReference; lastKnownFileType = text.plist.xml; path = Info.plist; sourceTree = "<group>"; };
/* End PBXFileReference section */

/* Begin PBXFrameworksBuildPhase section */
		48ACC5182713748900197D2A /* Frameworks */ = {
			isa = PBXFrameworksBuildPhase;
			buildActionMask = 2147483647;
			files = (
			);
			runOnlyForDeploymentPostprocessing = 0;
		};
/* End PBXFrameworksBuildPhase section */

/* Begin PBXGroup section */
		4827237227415A3E007C9C69 /* BaseViewController */ = {
			isa = PBXGroup;
			children = (
				486CB008271EF71D008BFC48 /* BaseViewController.swift */,
			);
			path = BaseViewController;
			sourceTree = "<group>";
		};
		4827237327415A4E007C9C69 /* LoginViewController */ = {
			isa = PBXGroup;
			children = (
				48ACC5222713748900197D2A /* LoginViewController.swift */,
			);
			path = LoginViewController;
			sourceTree = "<group>";
		};
		4827237427415A5D007C9C69 /* RegistrationViewController */ = {
			isa = PBXGroup;
			children = (
				486CB00A271EF8C2008BFC48 /* RegistrationViewController.swift */,
			);
			path = RegistrationViewController;
			sourceTree = "<group>";
		};
		4827237527415A6D007C9C69 /* TaskListViewController */ = {
			isa = PBXGroup;
			children = (
				48449280273A85AA0039377C /* TableCells */,
				4842F355272574AD00083AD2 /* TaskListViewController.swift */,
			);
			path = TaskListViewController;
			sourceTree = "<group>";
		};
		4827237627415A7D007C9C69 /* TaskViewController */ = {
			isa = PBXGroup;
			children = (
				4842F3572725967300083AD2 /* TaskViewController.swift */,
			);
			path = TaskViewController;
			sourceTree = "<group>";
		};
		483F1694275615C4003843F5 /* CredentialsError */ = {
			isa = PBXGroup;
			children = (
				483F1695275615EB003843F5 /* CredentialsError.swift */,
			);
			path = CredentialsError;
			sourceTree = "<group>";
		};
		48406AF9274D43120045AC51 /* Credentials */ = {
			isa = PBXGroup;
			children = (
				48431437272DA19900E08700 /* Credentials.swift */,
			);
			path = Credentials;
			sourceTree = "<group>";
		};
		484237DD2731BA6000D9004B /* Extensions */ = {
			isa = PBXGroup;
			children = (
				484237DE2731BA7C00D9004B /* Keyboard+ViewController.swift */,
				485AF512276143FE00343ADB /* CornerRadius+UIView.swift */,
			);
			path = Extensions;
			sourceTree = "<group>";
		};
		48431434272DA0E900E08700 /* Controllers */ = {
			isa = PBXGroup;
			children = (
				487920A9275E30580032B3DC /* TaskFillError */,
				483F1694275615C4003843F5 /* CredentialsError */,
				4844F5232733D6D50086F2A3 /* TaskController.swift */,
				4826F8C227667AC000F1A7FF /* FilteredTaskController.swift */,
				48406AFA274D44080045AC51 /* CredentialsController.swift */,
				4844529C275B6D23000AEB82 /* AddTaskController.swift */,
			);
			path = Controllers;
			sourceTree = "<group>";
		};
		48431435272DA0F300E08700 /* Models */ = {
			isa = PBXGroup;
			children = (
				48406AF9274D43120045AC51 /* Credentials */,
				48431439272DABBD00E08700 /* Task.swift */,
			);
			path = Models;
			sourceTree = "<group>";
		};
		48431436272DA10000E08700 /* ViewControllers */ = {
			isa = PBXGroup;
			children = (
				4827237227415A3E007C9C69 /* BaseViewController */,
				4827237327415A4E007C9C69 /* LoginViewController */,
				4827237427415A5D007C9C69 /* RegistrationViewController */,
				4827237527415A6D007C9C69 /* TaskListViewController */,
				4827237627415A7D007C9C69 /* TaskViewController */,
				485CCFB92774FEF20051E587 /* SortViewController */,
			);
			path = ViewControllers;
			sourceTree = "<group>";
		};
		48449280273A85AA0039377C /* TableCells */ = {
			isa = PBXGroup;
			children = (
				48449281273A85F10039377C /* TaskTableViewCell.swift */,
				48449282273A85F10039377C /* TaskTableViewCell.xib */,
			);
			path = TableCells;
			sourceTree = "<group>";
		};
		485CCFB92774FEF20051E587 /* SortViewController */ = {
			isa = PBXGroup;
			children = (
				485CCFBC2774FFFC0051E587 /* SortedViewController.swift */,
			);
			path = SortViewController;
			sourceTree = "<group>";
		};
		485CCFBE277505510051E587 /* Helpers */ = {
			isa = PBXGroup;
			children = (
				485CCFBF277505690051E587 /* RadioButtonController.swift */,
			);
			path = Helpers;
			sourceTree = "<group>";
		};
		487920A9275E30580032B3DC /* TaskFillError */ = {
			isa = PBXGroup;
			children = (
				487920AA275E306D0032B3DC /* TaskFillError.swift */,
			);
			path = TaskFillError;
			sourceTree = "<group>";
		};
		48ACC5122713748900197D2A = {
			isa = PBXGroup;
			children = (
				48ACC51D2713748900197D2A /* ToDo List */,
				48ACC51C2713748900197D2A /* Products */,
			);
			sourceTree = "<group>";
		};
		48ACC51C2713748900197D2A /* Products */ = {
			isa = PBXGroup;
			children = (
				48ACC51B2713748900197D2A /* ToDo List.app */,
			);
			name = Products;
			sourceTree = "<group>";
		};
		48ACC51D2713748900197D2A /* ToDo List */ = {
			isa = PBXGroup;
			children = (
				48ACC51E2713748900197D2A /* AppDelegate.swift */,
				48ACC5202713748900197D2A /* SceneDelegate.swift */,
				485CCFBE277505510051E587 /* Helpers */,
				484237DD2731BA6000D9004B /* Extensions */,
				48431434272DA0E900E08700 /* Controllers */,
				48431435272DA0F300E08700 /* Models */,
				48431436272DA10000E08700 /* ViewControllers */,
				48ACC5242713748900197D2A /* Main.storyboard */,
				48ACC5272713748B00197D2A /* Assets.xcassets */,
				48ACC5292713748B00197D2A /* LaunchScreen.storyboard */,
				48ACC52C2713748B00197D2A /* Info.plist */,
			);
			path = "ToDo List";
			sourceTree = "<group>";
		};
/* End PBXGroup section */

/* Begin PBXNativeTarget section */
		48ACC51A2713748900197D2A /* ToDo List */ = {
			isa = PBXNativeTarget;
			buildConfigurationList = 48ACC52F2713748B00197D2A /* Build configuration list for PBXNativeTarget "ToDo List" */;
			buildPhases = (
				48ACC5172713748900197D2A /* Sources */,
				48ACC5182713748900197D2A /* Frameworks */,
				48ACC5192713748900197D2A /* Resources */,
			);
			buildRules = (
			);
			dependencies = (
			);
			name = "ToDo List";
			productName = "ToDo List";
			productReference = 48ACC51B2713748900197D2A /* ToDo List.app */;
			productType = "com.apple.product-type.application";
		};
/* End PBXNativeTarget section */

/* Begin PBXProject section */
		48ACC5132713748900197D2A /* Project object */ = {
			isa = PBXProject;
			attributes = {
				BuildIndependentTargetsInParallel = 1;
				LastSwiftUpdateCheck = 1300;
				LastUpgradeCheck = 1300;
				TargetAttributes = {
					48ACC51A2713748900197D2A = {
						CreatedOnToolsVersion = 13.0;
					};
				};
			};
			buildConfigurationList = 48ACC5162713748900197D2A /* Build configuration list for PBXProject "ToDo List" */;
			compatibilityVersion = "Xcode 13.0";
			developmentRegion = en;
			hasScannedForEncodings = 0;
			knownRegions = (
				en,
				Base,
			);
			mainGroup = 48ACC5122713748900197D2A;
			productRefGroup = 48ACC51C2713748900197D2A /* Products */;
			projectDirPath = "";
			projectRoot = "";
			targets = (
				48ACC51A2713748900197D2A /* ToDo List */,
			);
		};
/* End PBXProject section */

/* Begin PBXResourcesBuildPhase section */
		48ACC5192713748900197D2A /* Resources */ = {
			isa = PBXResourcesBuildPhase;
			buildActionMask = 2147483647;
			files = (
				48449284273A85F10039377C /* TaskTableViewCell.xib in Resources */,
				48ACC52B2713748B00197D2A /* LaunchScreen.storyboard in Resources */,
				48ACC5282713748B00197D2A /* Assets.xcassets in Resources */,
				48ACC5262713748900197D2A /* Main.storyboard in Resources */,
			);
			runOnlyForDeploymentPostprocessing = 0;
		};
/* End PBXResourcesBuildPhase section */

/* Begin PBXSourcesBuildPhase section */
		48ACC5172713748900197D2A /* Sources */ = {
			isa = PBXSourcesBuildPhase;
			buildActionMask = 2147483647;
			files = (
				48ACC5232713748900197D2A /* LoginViewController.swift in Sources */,
				48449283273A85F10039377C /* TaskTableViewCell.swift in Sources */,
				4826F8C327667AC000F1A7FF /* FilteredTaskController.swift in Sources */,
				4842F3582725967300083AD2 /* TaskViewController.swift in Sources */,
				48431438272DA19900E08700 /* Credentials.swift in Sources */,
				486CB009271EF71D008BFC48 /* BaseViewController.swift in Sources */,
				483F1696275615EB003843F5 /* CredentialsError.swift in Sources */,
				485CCFC0277505690051E587 /* RadioButtonController.swift in Sources */,
				485AF513276143FE00343ADB /* CornerRadius+UIView.swift in Sources */,
				484237DF2731BA7C00D9004B /* Keyboard+ViewController.swift in Sources */,
				487920AB275E306D0032B3DC /* TaskFillError.swift in Sources */,
				48ACC51F2713748900197D2A /* AppDelegate.swift in Sources */,
				48ACC5212713748900197D2A /* SceneDelegate.swift in Sources */,
				48406AFB274D44080045AC51 /* CredentialsController.swift in Sources */,
				486CB00B271EF8C2008BFC48 /* RegistrationViewController.swift in Sources */,
				4844529D275B6D23000AEB82 /* AddTaskController.swift in Sources */,
				4843143A272DABBD00E08700 /* Task.swift in Sources */,
				4844F5242733D6D50086F2A3 /* TaskController.swift in Sources */,
				485CCFBD2774FFFC0051E587 /* SortedViewController.swift in Sources */,
				4842F356272574AD00083AD2 /* TaskListViewController.swift in Sources */,
			);
			runOnlyForDeploymentPostprocessing = 0;
		};
/* End PBXSourcesBuildPhase section */

/* Begin PBXVariantGroup section */
		48ACC5242713748900197D2A /* Main.storyboard */ = {
			isa = PBXVariantGroup;
			children = (
				48ACC5252713748900197D2A /* Base */,
			);
			name = Main.storyboard;
			sourceTree = "<group>";
		};
		48ACC5292713748B00197D2A /* LaunchScreen.storyboard */ = {
			isa = PBXVariantGroup;
			children = (
				48ACC52A2713748B00197D2A /* Base */,
			);
			name = LaunchScreen.storyboard;
			sourceTree = "<group>";
		};
/* End PBXVariantGroup section */

/* Begin XCBuildConfiguration section */
		48ACC52D2713748B00197D2A /* Debug */ = {
			isa = XCBuildConfiguration;
			buildSettings = {
				ALWAYS_SEARCH_USER_PATHS = NO;
				CLANG_ANALYZER_NONNULL = YES;
				CLANG_ANALYZER_NUMBER_OBJECT_CONVERSION = YES_AGGRESSIVE;
				CLANG_CXX_LANGUAGE_STANDARD = "gnu++17";
				CLANG_CXX_LIBRARY = "libc++";
				CLANG_ENABLE_MODULES = YES;
				CLANG_ENABLE_OBJC_ARC = YES;
				CLANG_ENABLE_OBJC_WEAK = YES;
				CLANG_WARN_BLOCK_CAPTURE_AUTORELEASING = YES;
				CLANG_WARN_BOOL_CONVERSION = YES;
				CLANG_WARN_COMMA = YES;
				CLANG_WARN_CONSTANT_CONVERSION = YES;
				CLANG_WARN_DEPRECATED_OBJC_IMPLEMENTATIONS = YES;
				CLANG_WARN_DIRECT_OBJC_ISA_USAGE = YES_ERROR;
				CLANG_WARN_DOCUMENTATION_COMMENTS = YES;
				CLANG_WARN_EMPTY_BODY = YES;
				CLANG_WARN_ENUM_CONVERSION = YES;
				CLANG_WARN_INFINITE_RECURSION = YES;
				CLANG_WARN_INT_CONVERSION = YES;
				CLANG_WARN_NON_LITERAL_NULL_CONVERSION = YES;
				CLANG_WARN_OBJC_IMPLICIT_RETAIN_SELF = YES;
				CLANG_WARN_OBJC_LITERAL_CONVERSION = YES;
				CLANG_WARN_OBJC_ROOT_CLASS = YES_ERROR;
				CLANG_WARN_QUOTED_INCLUDE_IN_FRAMEWORK_HEADER = YES;
				CLANG_WARN_RANGE_LOOP_ANALYSIS = YES;
				CLANG_WARN_STRICT_PROTOTYPES = YES;
				CLANG_WARN_SUSPICIOUS_MOVE = YES;
				CLANG_WARN_UNGUARDED_AVAILABILITY = YES_AGGRESSIVE;
				CLANG_WARN_UNREACHABLE_CODE = YES;
				CLANG_WARN__DUPLICATE_METHOD_MATCH = YES;
				COPY_PHASE_STRIP = NO;
				DEBUG_INFORMATION_FORMAT = dwarf;
				ENABLE_STRICT_OBJC_MSGSEND = YES;
				ENABLE_TESTABILITY = YES;
				GCC_C_LANGUAGE_STANDARD = gnu11;
				GCC_DYNAMIC_NO_PIC = NO;
				GCC_NO_COMMON_BLOCKS = YES;
				GCC_OPTIMIZATION_LEVEL = 0;
				GCC_PREPROCESSOR_DEFINITIONS = (
					"DEBUG=1",
					"$(inherited)",
				);
				GCC_WARN_64_TO_32_BIT_CONVERSION = YES;
				GCC_WARN_ABOUT_RETURN_TYPE = YES_ERROR;
				GCC_WARN_UNDECLARED_SELECTOR = YES;
				GCC_WARN_UNINITIALIZED_AUTOS = YES_AGGRESSIVE;
				GCC_WARN_UNUSED_FUNCTION = YES;
				GCC_WARN_UNUSED_VARIABLE = YES;
				IPHONEOS_DEPLOYMENT_TARGET = 15.0;
				MTL_ENABLE_DEBUG_INFO = INCLUDE_SOURCE;
				MTL_FAST_MATH = YES;
				ONLY_ACTIVE_ARCH = YES;
				SDKROOT = iphoneos;
				SWIFT_ACTIVE_COMPILATION_CONDITIONS = DEBUG;
				SWIFT_OPTIMIZATION_LEVEL = "-Onone";
			};
			name = Debug;
		};
		48ACC52E2713748B00197D2A /* Release */ = {
			isa = XCBuildConfiguration;
			buildSettings = {
				ALWAYS_SEARCH_USER_PATHS = NO;
				CLANG_ANALYZER_NONNULL = YES;
				CLANG_ANALYZER_NUMBER_OBJECT_CONVERSION = YES_AGGRESSIVE;
				CLANG_CXX_LANGUAGE_STANDARD = "gnu++17";
				CLANG_CXX_LIBRARY = "libc++";
				CLANG_ENABLE_MODULES = YES;
				CLANG_ENABLE_OBJC_ARC = YES;
				CLANG_ENABLE_OBJC_WEAK = YES;
				CLANG_WARN_BLOCK_CAPTURE_AUTORELEASING = YES;
				CLANG_WARN_BOOL_CONVERSION = YES;
				CLANG_WARN_COMMA = YES;
				CLANG_WARN_CONSTANT_CONVERSION = YES;
				CLANG_WARN_DEPRECATED_OBJC_IMPLEMENTATIONS = YES;
				CLANG_WARN_DIRECT_OBJC_ISA_USAGE = YES_ERROR;
				CLANG_WARN_DOCUMENTATION_COMMENTS = YES;
				CLANG_WARN_EMPTY_BODY = YES;
				CLANG_WARN_ENUM_CONVERSION = YES;
				CLANG_WARN_INFINITE_RECURSION = YES;
				CLANG_WARN_INT_CONVERSION = YES;
				CLANG_WARN_NON_LITERAL_NULL_CONVERSION = YES;
				CLANG_WARN_OBJC_IMPLICIT_RETAIN_SELF = YES;
				CLANG_WARN_OBJC_LITERAL_CONVERSION = YES;
				CLANG_WARN_OBJC_ROOT_CLASS = YES_ERROR;
				CLANG_WARN_QUOTED_INCLUDE_IN_FRAMEWORK_HEADER = YES;
				CLANG_WARN_RANGE_LOOP_ANALYSIS = YES;
				CLANG_WARN_STRICT_PROTOTYPES = YES;
				CLANG_WARN_SUSPICIOUS_MOVE = YES;
				CLANG_WARN_UNGUARDED_AVAILABILITY = YES_AGGRESSIVE;
				CLANG_WARN_UNREACHABLE_CODE = YES;
				CLANG_WARN__DUPLICATE_METHOD_MATCH = YES;
				COPY_PHASE_STRIP = NO;
				DEBUG_INFORMATION_FORMAT = "dwarf-with-dsym";
				ENABLE_NS_ASSERTIONS = NO;
				ENABLE_STRICT_OBJC_MSGSEND = YES;
				GCC_C_LANGUAGE_STANDARD = gnu11;
				GCC_NO_COMMON_BLOCKS = YES;
				GCC_WARN_64_TO_32_BIT_CONVERSION = YES;
				GCC_WARN_ABOUT_RETURN_TYPE = YES_ERROR;
				GCC_WARN_UNDECLARED_SELECTOR = YES;
				GCC_WARN_UNINITIALIZED_AUTOS = YES_AGGRESSIVE;
				GCC_WARN_UNUSED_FUNCTION = YES;
				GCC_WARN_UNUSED_VARIABLE = YES;
				IPHONEOS_DEPLOYMENT_TARGET = 15.0;
				MTL_ENABLE_DEBUG_INFO = NO;
				MTL_FAST_MATH = YES;
				SDKROOT = iphoneos;
				SWIFT_COMPILATION_MODE = wholemodule;
				SWIFT_OPTIMIZATION_LEVEL = "-O";
				VALIDATE_PRODUCT = YES;
			};
			name = Release;
		};
		48ACC5302713748B00197D2A /* Debug */ = {
			isa = XCBuildConfiguration;
			buildSettings = {
				ASSETCATALOG_COMPILER_APPICON_NAME = AppIcon;
				ASSETCATALOG_COMPILER_GLOBAL_ACCENT_COLOR_NAME = AccentColor;
				CODE_SIGN_STYLE = Automatic;
				CURRENT_PROJECT_VERSION = 1;
				GENERATE_INFOPLIST_FILE = YES;
				INFOPLIST_FILE = "ToDo List/Info.plist";
				INFOPLIST_KEY_UIApplicationSupportsIndirectInputEvents = YES;
				INFOPLIST_KEY_UILaunchStoryboardName = LaunchScreen;
				INFOPLIST_KEY_UIMainStoryboardFile = Main;
				INFOPLIST_KEY_UISupportedInterfaceOrientations_iPad = "UIInterfaceOrientationPortrait UIInterfaceOrientationPortraitUpsideDown UIInterfaceOrientationLandscapeLeft UIInterfaceOrientationLandscapeRight";
				INFOPLIST_KEY_UISupportedInterfaceOrientations_iPhone = "UIInterfaceOrientationPortrait UIInterfaceOrientationLandscapeLeft UIInterfaceOrientationLandscapeRight";
				LD_RUNPATH_SEARCH_PATHS = (
					"$(inherited)",
					"@executable_path/Frameworks",
				);
				MARKETING_VERSION = 1.0;
				PRODUCT_BUNDLE_IDENTIFIER = "developer-team.ToDo-List";
				PRODUCT_NAME = "$(TARGET_NAME)";
				SWIFT_EMIT_LOC_STRINGS = YES;
				SWIFT_VERSION = 5.0;
				TARGETED_DEVICE_FAMILY = "1,2";
			};
			name = Debug;
		};
		48ACC5312713748B00197D2A /* Release */ = {
			isa = XCBuildConfiguration;
			buildSettings = {
				ASSETCATALOG_COMPILER_APPICON_NAME = AppIcon;
				ASSETCATALOG_COMPILER_GLOBAL_ACCENT_COLOR_NAME = AccentColor;
				CODE_SIGN_STYLE = Automatic;
				CURRENT_PROJECT_VERSION = 1;
				GENERATE_INFOPLIST_FILE = YES;
				INFOPLIST_FILE = "ToDo List/Info.plist";
				INFOPLIST_KEY_UIApplicationSupportsIndirectInputEvents = YES;
				INFOPLIST_KEY_UILaunchStoryboardName = LaunchScreen;
				INFOPLIST_KEY_UIMainStoryboardFile = Main;
				INFOPLIST_KEY_UISupportedInterfaceOrientations_iPad = "UIInterfaceOrientationPortrait UIInterfaceOrientationPortraitUpsideDown UIInterfaceOrientationLandscapeLeft UIInterfaceOrientationLandscapeRight";
				INFOPLIST_KEY_UISupportedInterfaceOrientations_iPhone = "UIInterfaceOrientationPortrait UIInterfaceOrientationLandscapeLeft UIInterfaceOrientationLandscapeRight";
				LD_RUNPATH_SEARCH_PATHS = (
					"$(inherited)",
					"@executable_path/Frameworks",
				);
				MARKETING_VERSION = 1.0;
				PRODUCT_BUNDLE_IDENTIFIER = "developer-team.ToDo-List";
				PRODUCT_NAME = "$(TARGET_NAME)";
				SWIFT_EMIT_LOC_STRINGS = YES;
				SWIFT_VERSION = 5.0;
				TARGETED_DEVICE_FAMILY = "1,2";
			};
			name = Release;
		};
/* End XCBuildConfiguration section */

/* Begin XCConfigurationList section */
		48ACC5162713748900197D2A /* Build configuration list for PBXProject "ToDo List" */ = {
			isa = XCConfigurationList;
			buildConfigurations = (
				48ACC52D2713748B00197D2A /* Debug */,
				48ACC52E2713748B00197D2A /* Release */,
			);
			defaultConfigurationIsVisible = 0;
			defaultConfigurationName = Release;
		};
		48ACC52F2713748B00197D2A /* Build configuration list for PBXNativeTarget "ToDo List" */ = {
			isa = XCConfigurationList;
			buildConfigurations = (
				48ACC5302713748B00197D2A /* Debug */,
				48ACC5312713748B00197D2A /* Release */,
			);
			defaultConfigurationIsVisible = 0;
			defaultConfigurationName = Release;
		};
/* End XCConfigurationList section */
	};
	rootObject = 48ACC5132713748900197D2A /* Project object */;
}
